
Microsoft Visual Studio Solution File, Format Version 12.00
# Visual Studio 15
VisualStudioVersion = 15.0.27428.2037
MinimumVisualStudioVersion = 10.0.40219.1
Project("{FAE04EC0-301F-11D3-BF4B-00C04F79EFBC}") = "Arlo.SerialCommunication", "Arlo.SerialCommunication\Arlo.SerialCommunication.csproj", "{577AF33A-2090-48B4-AAE5-0515BAACE64B}"
EndProject
Global
	GlobalSection(SolutionConfigurationPlatforms) = preSolution
		Debug|Any CPU = Debug|Any CPU
		Release|Any CPU = Release|Any CPU
	EndGlobalSection
	GlobalSection(ProjectConfigurationPlatforms) = postSolution
		{577AF33A-2090-48B4-AAE5-0515BAACE64B}.Debug|Any CPU.ActiveCfg = Debug|Any CPU
		{577AF33A-2090-48B4-AAE5-0515BAACE64B}.Debug|Any CPU.Build.0 = Debug|Any CPU
		{577AF33A-2090-48B4-AAE5-0515BAACE64B}.Release|Any CPU.ActiveCfg = Release|Any CPU
		{577AF33A-2090-48B4-AAE5-0515BAACE64B}.Release|Any CPU.Build.0 = Release|Any CPU
	EndGlobalSection
	GlobalSection(SolutionProperties) = preSolution
		HideSolutionNode = FALSE
	EndGlobalSection
	GlobalSection(ExtensibilityGlobals) = postSolution
		SolutionGuid = {E7F1E260-8C8C-4C29-BF88-4961A9F2B4C5}
	EndGlobalSection
EndGlobal
